
Microsoft Visual Studio Solution File, Format Version 11.00
# Visual Studio 2010
Project("{FAE04EC0-301F-11D3-BF4B-00C04F79EFBC}") = "handlebars.cs", "handlebars.cs\handlebars.cs.csproj", "{4E7A2E8F-3E86-42FF-BA45-B6269540A6D6}"
EndProject
Project("{FAE04EC0-301F-11D3-BF4B-00C04F79EFBC}") = "handlebars.cs.tests", "handlebars.cs.tests\handlebars.cs.tests.csproj", "{1AC9FA37-6F17-4345-8909-AAC5A1C65889}"
EndProject
Project("{2150E333-8FDC-42A3-9474-1A3956D46DE8}") = "Solution Items", "Solution Items", "{3BA6F7BB-8DED-4128-8198-D204532FEB0C}"
	ProjectSection(SolutionItems) = preProject
		handlebars.cs.vsmdi = handlebars.cs.vsmdi
		Local.testsettings = Local.testsettings
		TraceAndTestImpact.testsettings = TraceAndTestImpact.testsettings
	EndProjectSection
EndProject
Global
	GlobalSection(TestCaseManagementSettings) = postSolution
		CategoryFile = handlebars.cs.vsmdi
	EndGlobalSection
	GlobalSection(SolutionConfigurationPlatforms) = preSolution
		Debug|Any CPU = Debug|Any CPU
		Debug|Mixed Platforms = Debug|Mixed Platforms
		Debug|x86 = Debug|x86
		Release|Any CPU = Release|Any CPU
		Release|Mixed Platforms = Release|Mixed Platforms
		Release|x86 = Release|x86
	EndGlobalSection
	GlobalSection(ProjectConfigurationPlatforms) = postSolution
		{4E7A2E8F-3E86-42FF-BA45-B6269540A6D6}.Debug|Any CPU.ActiveCfg = Debug|x86
		{4E7A2E8F-3E86-42FF-BA45-B6269540A6D6}.Debug|Mixed Platforms.ActiveCfg = Debug|x86
		{4E7A2E8F-3E86-42FF-BA45-B6269540A6D6}.Debug|Mixed Platforms.Build.0 = Debug|x86
		{4E7A2E8F-3E86-42FF-BA45-B6269540A6D6}.Debug|x86.ActiveCfg = Debug|x86
		{4E7A2E8F-3E86-42FF-BA45-B6269540A6D6}.Debug|x86.Build.0 = Debug|x86
		{4E7A2E8F-3E86-42FF-BA45-B6269540A6D6}.Release|Any CPU.ActiveCfg = Release|x86
		{4E7A2E8F-3E86-42FF-BA45-B6269540A6D6}.Release|Mixed Platforms.ActiveCfg = Release|x86
		{4E7A2E8F-3E86-42FF-BA45-B6269540A6D6}.Release|Mixed Platforms.Build.0 = Release|x86
		{4E7A2E8F-3E86-42FF-BA45-B6269540A6D6}.Release|x86.ActiveCfg = Release|x86
		{4E7A2E8F-3E86-42FF-BA45-B6269540A6D6}.Release|x86.Build.0 = Release|x86
		{1AC9FA37-6F17-4345-8909-AAC5A1C65889}.Debug|Any CPU.ActiveCfg = Debug|Any CPU
		{1AC9FA37-6F17-4345-8909-AAC5A1C65889}.Debug|Any CPU.Build.0 = Debug|Any CPU
		{1AC9FA37-6F17-4345-8909-AAC5A1C65889}.Debug|Mixed Platforms.ActiveCfg = Debug|Any CPU
		{1AC9FA37-6F17-4345-8909-AAC5A1C65889}.Debug|Mixed Platforms.Build.0 = Debug|Any CPU
		{1AC9FA37-6F17-4345-8909-AAC5A1C65889}.Debug|x86.ActiveCfg = Debug|Any CPU
		{1AC9FA37-6F17-4345-8909-AAC5A1C65889}.Release|Any CPU.ActiveCfg = Release|Any CPU
		{1AC9FA37-6F17-4345-8909-AAC5A1C65889}.Release|Any CPU.Build.0 = Release|Any CPU
		{1AC9FA37-6F17-4345-8909-AAC5A1C65889}.Release|Mixed Platforms.ActiveCfg = Release|Any CPU
		{1AC9FA37-6F17-4345-8909-AAC5A1C65889}.Release|Mixed Platforms.Build.0 = Release|Any CPU
		{1AC9FA37-6F17-4345-8909-AAC5A1C65889}.Release|x86.ActiveCfg = Release|Any CPU
	EndGlobalSection
	GlobalSection(SolutionProperties) = preSolution
		HideSolutionNode = FALSE
	EndGlobalSection
EndGlobal
