
Microsoft Visual Studio Solution File, Format Version 12.00
# Visual Studio 2013
VisualStudioVersion = 12.0.30723.0
MinimumVisualStudioVersion = 10.0.40219.1
Project("{FAE04EC0-301F-11D3-BF4B-00C04F79EFBC}") = "Handlebars", "Handlebars\Handlebars.csproj", "{4E7A2E8F-3E86-42FF-BA45-B6269540A6D6}"
EndProject
Project("{FAE04EC0-301F-11D3-BF4B-00C04F79EFBC}") = "Handlebars.TestSuite", "Handlebars.TestSuite\Handlebars.TestSuite.csproj", "{1AC9FA37-6F17-4345-8909-AAC5A1C65889}"
EndProject
Project("{FAE04EC0-301F-11D3-BF4B-00C04F79EFBC}") = "Handlebars.Mvc", "Handlebars.Mvc\Handlebars.Mvc.csproj", "{70FF2CFC-B16B-4EE8-8612-A892CD68F4DF}"
EndProject
Project("{FAE04EC0-301F-11D3-BF4B-00C04F79EFBC}") = "Handlebars.WebApi", "Handlebars.WebApi\Handlebars.WebApi.csproj", "{72ABCAC6-2FB6-4CD4-A5D8-B44E0785B914}"
EndProject
Project("{2150E333-8FDC-42A3-9474-1A3956D46DE8}") = "Example", "Example", "{73A4FA54-B2FB-4935-81AC-51C1B992DC5D}"
EndProject
Project("{FAE04EC0-301F-11D3-BF4B-00C04F79EFBC}") = "ExampleWebApi", "Example\ExampleWebApi\ExampleWebApi.csproj", "{A09F7B96-1818-4962-9071-0BB317E5954A}"
	ProjectSection(ProjectDependencies) = postProject
		{C8B4A574-3E08-4523-8AA1-3F0E4BAC362B} = {C8B4A574-3E08-4523-8AA1-3F0E4BAC362B}
	EndProjectSection
EndProject
Project("{2150E333-8FDC-42A3-9474-1A3956D46DE8}") = "Engine", "Engine", "{A199799D-21DF-410E-9857-0A4F34D575F2}"
EndProject
Project("{FAE04EC0-301F-11D3-BF4B-00C04F79EFBC}") = "NodeEngine", "Engine\NodeEngine\NodeEngine.csproj", "{16E13EE5-3A1F-451C-85E4-D558F0B8B4C0}"
EndProject
Project("{FAE04EC0-301F-11D3-BF4B-00C04F79EFBC}") = "ClearScriptEngine", "Engine\ClearScriptEngine\ClearScriptEngine.csproj", "{4A469D46-69BB-4F9C-A5B9-CA3DDA0272FA}"
EndProject
Project("{2150E333-8FDC-42A3-9474-1A3956D46DE8}") = "Proxy", "Proxy", "{14389287-BBE6-4936-A880-58559253DCDF}"
EndProject
Project("{FAE04EC0-301F-11D3-BF4B-00C04F79EFBC}") = "RoslynEngine", "Engine\RoslynEngine\RoslynEngine.csproj", "{014D3099-39B0-4DA7-8D6A-89558014CEFC}"
EndProject
Project("{FAE04EC0-301F-11D3-BF4B-00C04F79EFBC}") = "Handlebars.Helper", "Handlebars.Helper\Handlebars.Helper.csproj", "{C8B4A574-3E08-4523-8AA1-3F0E4BAC362B}"
EndProject
Project("{FAE04EC0-301F-11D3-BF4B-00C04F79EFBC}") = "ExampleBasic", "Example\ExampleBasic\ExampleBasic.csproj", "{453E631A-34AF-4652-A2A0-C1151B62DD1E}"
EndProject
Project("{FAE04EC0-301F-11D3-BF4B-00C04F79EFBC}") = "ExampleMvc", "Example\ExampleMvc\ExampleMvc.csproj", "{6CA87550-15CD-4433-92FB-C4509186EC80}"
EndProject
Project("{FAE04EC0-301F-11D3-BF4B-00C04F79EFBC}") = "ExampleWebApi.TestSuite", "Example\ExampleWebApi.TestSuite\ExampleWebApi.TestSuite.csproj", "{46E745CF-7B14-4376-A2D4-D5C021D503A2}"
EndProject
Project("{2150E333-8FDC-42A3-9474-1A3956D46DE8}") = ".nuget", ".nuget", "{83656291-0A4A-401D-B56B-1E4C8795BAD5}"
	ProjectSection(SolutionItems) = preProject
		.nuget\NuGet.Config = .nuget\NuGet.Config
		.nuget\NuGet.exe = .nuget\NuGet.exe
		.nuget\NuGet.targets = .nuget\NuGet.targets
	EndProjectSection
EndProject
Project("{FAE04EC0-301F-11D3-BF4B-00C04F79EFBC}") = "Handlebars.Proxy", "Proxy\Handlebars.Proxy\Handlebars.Proxy.csproj", "{AF42B8F0-5FE2-4F02-B6BD-8777141562DD}"
EndProject
Global
	GlobalSection(SolutionConfigurationPlatforms) = preSolution
		Debug|Any CPU = Debug|Any CPU
		Debug|Mixed Platforms = Debug|Mixed Platforms
		Debug|x64 = Debug|x64
		Debug|x86 = Debug|x86
		Release|Any CPU = Release|Any CPU
		Release|Mixed Platforms = Release|Mixed Platforms
		Release|x64 = Release|x64
		Release|x86 = Release|x86
		teamcity|Any CPU = teamcity|Any CPU
		teamcity|Mixed Platforms = teamcity|Mixed Platforms
		teamcity|x64 = teamcity|x64
		teamcity|x86 = teamcity|x86
	EndGlobalSection
	GlobalSection(ProjectConfigurationPlatforms) = postSolution
		{4E7A2E8F-3E86-42FF-BA45-B6269540A6D6}.Debug|Any CPU.ActiveCfg = Debug|Any CPU
		{4E7A2E8F-3E86-42FF-BA45-B6269540A6D6}.Debug|Any CPU.Build.0 = Debug|Any CPU
		{4E7A2E8F-3E86-42FF-BA45-B6269540A6D6}.Debug|Mixed Platforms.ActiveCfg = Debug|x86
		{4E7A2E8F-3E86-42FF-BA45-B6269540A6D6}.Debug|Mixed Platforms.Build.0 = Debug|x86
		{4E7A2E8F-3E86-42FF-BA45-B6269540A6D6}.Debug|x64.ActiveCfg = Debug|x64
		{4E7A2E8F-3E86-42FF-BA45-B6269540A6D6}.Debug|x64.Build.0 = Debug|x64
		{4E7A2E8F-3E86-42FF-BA45-B6269540A6D6}.Debug|x86.ActiveCfg = Debug|x86
		{4E7A2E8F-3E86-42FF-BA45-B6269540A6D6}.Debug|x86.Build.0 = Debug|x86
		{4E7A2E8F-3E86-42FF-BA45-B6269540A6D6}.Release|Any CPU.ActiveCfg = Release|x86
		{4E7A2E8F-3E86-42FF-BA45-B6269540A6D6}.Release|Mixed Platforms.ActiveCfg = Release|x86
		{4E7A2E8F-3E86-42FF-BA45-B6269540A6D6}.Release|Mixed Platforms.Build.0 = Release|x86
		{4E7A2E8F-3E86-42FF-BA45-B6269540A6D6}.Release|x64.ActiveCfg = Release|x64
		{4E7A2E8F-3E86-42FF-BA45-B6269540A6D6}.Release|x64.Build.0 = Release|x64
		{4E7A2E8F-3E86-42FF-BA45-B6269540A6D6}.Release|x86.ActiveCfg = Release|x86
		{4E7A2E8F-3E86-42FF-BA45-B6269540A6D6}.Release|x86.Build.0 = Release|x86
		{4E7A2E8F-3E86-42FF-BA45-B6269540A6D6}.teamcity|Any CPU.ActiveCfg = Release|x86
		{4E7A2E8F-3E86-42FF-BA45-B6269540A6D6}.teamcity|Mixed Platforms.ActiveCfg = Release|x86
		{4E7A2E8F-3E86-42FF-BA45-B6269540A6D6}.teamcity|Mixed Platforms.Build.0 = Release|x86
		{4E7A2E8F-3E86-42FF-BA45-B6269540A6D6}.teamcity|x64.ActiveCfg = Release|x64
		{4E7A2E8F-3E86-42FF-BA45-B6269540A6D6}.teamcity|x64.Build.0 = Release|x64
		{4E7A2E8F-3E86-42FF-BA45-B6269540A6D6}.teamcity|x86.ActiveCfg = Release|x86
		{4E7A2E8F-3E86-42FF-BA45-B6269540A6D6}.teamcity|x86.Build.0 = Release|x86
		{1AC9FA37-6F17-4345-8909-AAC5A1C65889}.Debug|Any CPU.ActiveCfg = Debug|Any CPU
		{1AC9FA37-6F17-4345-8909-AAC5A1C65889}.Debug|Any CPU.Build.0 = Debug|Any CPU
		{1AC9FA37-6F17-4345-8909-AAC5A1C65889}.Debug|Mixed Platforms.ActiveCfg = Debug|Any CPU
		{1AC9FA37-6F17-4345-8909-AAC5A1C65889}.Debug|Mixed Platforms.Build.0 = Debug|Any CPU
		{1AC9FA37-6F17-4345-8909-AAC5A1C65889}.Debug|x64.ActiveCfg = Debug|Any CPU
		{1AC9FA37-6F17-4345-8909-AAC5A1C65889}.Debug|x86.ActiveCfg = Debug|Any CPU
		{1AC9FA37-6F17-4345-8909-AAC5A1C65889}.Release|Any CPU.ActiveCfg = Release|Any CPU
		{1AC9FA37-6F17-4345-8909-AAC5A1C65889}.Release|Any CPU.Build.0 = Release|Any CPU
		{1AC9FA37-6F17-4345-8909-AAC5A1C65889}.Release|Mixed Platforms.ActiveCfg = Release|Any CPU
		{1AC9FA37-6F17-4345-8909-AAC5A1C65889}.Release|Mixed Platforms.Build.0 = Release|Any CPU
		{1AC9FA37-6F17-4345-8909-AAC5A1C65889}.Release|x64.ActiveCfg = Release|Any CPU
		{1AC9FA37-6F17-4345-8909-AAC5A1C65889}.Release|x86.ActiveCfg = Release|Any CPU
		{1AC9FA37-6F17-4345-8909-AAC5A1C65889}.teamcity|Any CPU.ActiveCfg = Release|Any CPU
		{1AC9FA37-6F17-4345-8909-AAC5A1C65889}.teamcity|Any CPU.Build.0 = Release|Any CPU
		{1AC9FA37-6F17-4345-8909-AAC5A1C65889}.teamcity|Mixed Platforms.ActiveCfg = Release|Any CPU
		{1AC9FA37-6F17-4345-8909-AAC5A1C65889}.teamcity|Mixed Platforms.Build.0 = Release|Any CPU
		{1AC9FA37-6F17-4345-8909-AAC5A1C65889}.teamcity|x64.ActiveCfg = Release|Any CPU
		{1AC9FA37-6F17-4345-8909-AAC5A1C65889}.teamcity|x86.ActiveCfg = Release|Any CPU
		{70FF2CFC-B16B-4EE8-8612-A892CD68F4DF}.Debug|Any CPU.ActiveCfg = Debug|Any CPU
		{70FF2CFC-B16B-4EE8-8612-A892CD68F4DF}.Debug|Any CPU.Build.0 = Debug|Any CPU
		{70FF2CFC-B16B-4EE8-8612-A892CD68F4DF}.Debug|Mixed Platforms.ActiveCfg = Debug|x86
		{70FF2CFC-B16B-4EE8-8612-A892CD68F4DF}.Debug|Mixed Platforms.Build.0 = Debug|x86
		{70FF2CFC-B16B-4EE8-8612-A892CD68F4DF}.Debug|x64.ActiveCfg = Debug|x64
		{70FF2CFC-B16B-4EE8-8612-A892CD68F4DF}.Debug|x64.Build.0 = Debug|x64
		{70FF2CFC-B16B-4EE8-8612-A892CD68F4DF}.Debug|x86.ActiveCfg = Debug|x86
		{70FF2CFC-B16B-4EE8-8612-A892CD68F4DF}.Debug|x86.Build.0 = Debug|x86
		{70FF2CFC-B16B-4EE8-8612-A892CD68F4DF}.Release|Any CPU.ActiveCfg = Release|Any CPU
		{70FF2CFC-B16B-4EE8-8612-A892CD68F4DF}.Release|Any CPU.Build.0 = Release|Any CPU
		{70FF2CFC-B16B-4EE8-8612-A892CD68F4DF}.Release|Mixed Platforms.ActiveCfg = Release|x86
		{70FF2CFC-B16B-4EE8-8612-A892CD68F4DF}.Release|Mixed Platforms.Build.0 = Release|x86
		{70FF2CFC-B16B-4EE8-8612-A892CD68F4DF}.Release|x64.ActiveCfg = Release|x64
		{70FF2CFC-B16B-4EE8-8612-A892CD68F4DF}.Release|x64.Build.0 = Release|x64
		{70FF2CFC-B16B-4EE8-8612-A892CD68F4DF}.Release|x86.ActiveCfg = Release|x86
		{70FF2CFC-B16B-4EE8-8612-A892CD68F4DF}.Release|x86.Build.0 = Release|x86
		{70FF2CFC-B16B-4EE8-8612-A892CD68F4DF}.teamcity|Any CPU.ActiveCfg = teamcity|Any CPU
		{70FF2CFC-B16B-4EE8-8612-A892CD68F4DF}.teamcity|Any CPU.Build.0 = teamcity|Any CPU
		{70FF2CFC-B16B-4EE8-8612-A892CD68F4DF}.teamcity|Mixed Platforms.ActiveCfg = teamcity|x86
		{70FF2CFC-B16B-4EE8-8612-A892CD68F4DF}.teamcity|Mixed Platforms.Build.0 = teamcity|x86
		{70FF2CFC-B16B-4EE8-8612-A892CD68F4DF}.teamcity|x64.ActiveCfg = teamcity|x64
		{70FF2CFC-B16B-4EE8-8612-A892CD68F4DF}.teamcity|x64.Build.0 = teamcity|x64
		{70FF2CFC-B16B-4EE8-8612-A892CD68F4DF}.teamcity|x86.ActiveCfg = teamcity|x86
		{70FF2CFC-B16B-4EE8-8612-A892CD68F4DF}.teamcity|x86.Build.0 = teamcity|x86
		{72ABCAC6-2FB6-4CD4-A5D8-B44E0785B914}.Debug|Any CPU.ActiveCfg = Debug|Any CPU
		{72ABCAC6-2FB6-4CD4-A5D8-B44E0785B914}.Debug|Any CPU.Build.0 = Debug|Any CPU
		{72ABCAC6-2FB6-4CD4-A5D8-B44E0785B914}.Debug|Mixed Platforms.ActiveCfg = Debug|Any CPU
		{72ABCAC6-2FB6-4CD4-A5D8-B44E0785B914}.Debug|Mixed Platforms.Build.0 = Debug|Any CPU
		{72ABCAC6-2FB6-4CD4-A5D8-B44E0785B914}.Debug|x64.ActiveCfg = Debug|x64
		{72ABCAC6-2FB6-4CD4-A5D8-B44E0785B914}.Debug|x64.Build.0 = Debug|x64
		{72ABCAC6-2FB6-4CD4-A5D8-B44E0785B914}.Debug|x86.ActiveCfg = Debug|Any CPU
		{72ABCAC6-2FB6-4CD4-A5D8-B44E0785B914}.Release|Any CPU.ActiveCfg = Release|Any CPU
		{72ABCAC6-2FB6-4CD4-A5D8-B44E0785B914}.Release|Any CPU.Build.0 = Release|Any CPU
		{72ABCAC6-2FB6-4CD4-A5D8-B44E0785B914}.Release|Mixed Platforms.ActiveCfg = Release|Any CPU
		{72ABCAC6-2FB6-4CD4-A5D8-B44E0785B914}.Release|Mixed Platforms.Build.0 = Release|Any CPU
		{72ABCAC6-2FB6-4CD4-A5D8-B44E0785B914}.Release|x64.ActiveCfg = Release|Any CPU
		{72ABCAC6-2FB6-4CD4-A5D8-B44E0785B914}.Release|x86.ActiveCfg = Release|Any CPU
		{72ABCAC6-2FB6-4CD4-A5D8-B44E0785B914}.teamcity|Any CPU.ActiveCfg = Release|Any CPU
		{72ABCAC6-2FB6-4CD4-A5D8-B44E0785B914}.teamcity|Any CPU.Build.0 = Release|Any CPU
		{72ABCAC6-2FB6-4CD4-A5D8-B44E0785B914}.teamcity|Mixed Platforms.ActiveCfg = Release|Any CPU
		{72ABCAC6-2FB6-4CD4-A5D8-B44E0785B914}.teamcity|Mixed Platforms.Build.0 = Release|Any CPU
		{72ABCAC6-2FB6-4CD4-A5D8-B44E0785B914}.teamcity|x64.ActiveCfg = Release|Any CPU
		{72ABCAC6-2FB6-4CD4-A5D8-B44E0785B914}.teamcity|x86.ActiveCfg = Release|Any CPU
		{A09F7B96-1818-4962-9071-0BB317E5954A}.Debug|Any CPU.ActiveCfg = Debug|Any CPU
		{A09F7B96-1818-4962-9071-0BB317E5954A}.Debug|Any CPU.Build.0 = Debug|Any CPU
		{A09F7B96-1818-4962-9071-0BB317E5954A}.Debug|Mixed Platforms.ActiveCfg = Debug|Any CPU
		{A09F7B96-1818-4962-9071-0BB317E5954A}.Debug|Mixed Platforms.Build.0 = Debug|Any CPU
		{A09F7B96-1818-4962-9071-0BB317E5954A}.Debug|x64.ActiveCfg = Debug|Any CPU
		{A09F7B96-1818-4962-9071-0BB317E5954A}.Debug|x86.ActiveCfg = Debug|Any CPU
		{A09F7B96-1818-4962-9071-0BB317E5954A}.Release|Any CPU.ActiveCfg = Release|Any CPU
		{A09F7B96-1818-4962-9071-0BB317E5954A}.Release|Any CPU.Build.0 = Release|Any CPU
		{A09F7B96-1818-4962-9071-0BB317E5954A}.Release|Mixed Platforms.ActiveCfg = Release|Any CPU
		{A09F7B96-1818-4962-9071-0BB317E5954A}.Release|Mixed Platforms.Build.0 = Release|Any CPU
		{A09F7B96-1818-4962-9071-0BB317E5954A}.Release|x64.ActiveCfg = Release|Any CPU
		{A09F7B96-1818-4962-9071-0BB317E5954A}.Release|x86.ActiveCfg = Release|Any CPU
		{A09F7B96-1818-4962-9071-0BB317E5954A}.teamcity|Any CPU.ActiveCfg = Release|Any CPU
		{A09F7B96-1818-4962-9071-0BB317E5954A}.teamcity|Any CPU.Build.0 = Release|Any CPU
		{A09F7B96-1818-4962-9071-0BB317E5954A}.teamcity|Mixed Platforms.ActiveCfg = Release|Any CPU
		{A09F7B96-1818-4962-9071-0BB317E5954A}.teamcity|Mixed Platforms.Build.0 = Release|Any CPU
		{A09F7B96-1818-4962-9071-0BB317E5954A}.teamcity|x64.ActiveCfg = Release|Any CPU
		{A09F7B96-1818-4962-9071-0BB317E5954A}.teamcity|x86.ActiveCfg = Release|Any CPU
		{16E13EE5-3A1F-451C-85E4-D558F0B8B4C0}.Debug|Any CPU.ActiveCfg = Debug|Any CPU
		{16E13EE5-3A1F-451C-85E4-D558F0B8B4C0}.Debug|Any CPU.Build.0 = Debug|Any CPU
		{16E13EE5-3A1F-451C-85E4-D558F0B8B4C0}.Debug|Mixed Platforms.ActiveCfg = Debug|Any CPU
		{16E13EE5-3A1F-451C-85E4-D558F0B8B4C0}.Debug|Mixed Platforms.Build.0 = Debug|Any CPU
		{16E13EE5-3A1F-451C-85E4-D558F0B8B4C0}.Debug|x64.ActiveCfg = Debug|Any CPU
		{16E13EE5-3A1F-451C-85E4-D558F0B8B4C0}.Debug|x86.ActiveCfg = Debug|Any CPU
		{16E13EE5-3A1F-451C-85E4-D558F0B8B4C0}.Release|Any CPU.ActiveCfg = Release|Any CPU
		{16E13EE5-3A1F-451C-85E4-D558F0B8B4C0}.Release|Any CPU.Build.0 = Release|Any CPU
		{16E13EE5-3A1F-451C-85E4-D558F0B8B4C0}.Release|Mixed Platforms.ActiveCfg = Release|Any CPU
		{16E13EE5-3A1F-451C-85E4-D558F0B8B4C0}.Release|Mixed Platforms.Build.0 = Release|Any CPU
		{16E13EE5-3A1F-451C-85E4-D558F0B8B4C0}.Release|x64.ActiveCfg = Release|Any CPU
		{16E13EE5-3A1F-451C-85E4-D558F0B8B4C0}.Release|x86.ActiveCfg = Release|Any CPU
		{16E13EE5-3A1F-451C-85E4-D558F0B8B4C0}.teamcity|Any CPU.ActiveCfg = Release|Any CPU
		{16E13EE5-3A1F-451C-85E4-D558F0B8B4C0}.teamcity|Any CPU.Build.0 = Release|Any CPU
		{16E13EE5-3A1F-451C-85E4-D558F0B8B4C0}.teamcity|Mixed Platforms.ActiveCfg = Release|Any CPU
		{16E13EE5-3A1F-451C-85E4-D558F0B8B4C0}.teamcity|Mixed Platforms.Build.0 = Release|Any CPU
		{16E13EE5-3A1F-451C-85E4-D558F0B8B4C0}.teamcity|x64.ActiveCfg = Release|Any CPU
		{16E13EE5-3A1F-451C-85E4-D558F0B8B4C0}.teamcity|x86.ActiveCfg = Release|Any CPU
		{4A469D46-69BB-4F9C-A5B9-CA3DDA0272FA}.Debug|Any CPU.ActiveCfg = Debug|Any CPU
		{4A469D46-69BB-4F9C-A5B9-CA3DDA0272FA}.Debug|Any CPU.Build.0 = Debug|Any CPU
		{4A469D46-69BB-4F9C-A5B9-CA3DDA0272FA}.Debug|Mixed Platforms.ActiveCfg = Debug|Any CPU
		{4A469D46-69BB-4F9C-A5B9-CA3DDA0272FA}.Debug|Mixed Platforms.Build.0 = Debug|Any CPU
		{4A469D46-69BB-4F9C-A5B9-CA3DDA0272FA}.Debug|x64.ActiveCfg = Debug|x64
		{4A469D46-69BB-4F9C-A5B9-CA3DDA0272FA}.Debug|x64.Build.0 = Debug|x64
		{4A469D46-69BB-4F9C-A5B9-CA3DDA0272FA}.Debug|x86.ActiveCfg = Debug|x86
		{4A469D46-69BB-4F9C-A5B9-CA3DDA0272FA}.Debug|x86.Build.0 = Debug|x86
		{4A469D46-69BB-4F9C-A5B9-CA3DDA0272FA}.Release|Any CPU.ActiveCfg = Release|Any CPU
		{4A469D46-69BB-4F9C-A5B9-CA3DDA0272FA}.Release|Any CPU.Build.0 = Release|Any CPU
		{4A469D46-69BB-4F9C-A5B9-CA3DDA0272FA}.Release|Mixed Platforms.ActiveCfg = Release|Any CPU
		{4A469D46-69BB-4F9C-A5B9-CA3DDA0272FA}.Release|Mixed Platforms.Build.0 = Release|Any CPU
		{4A469D46-69BB-4F9C-A5B9-CA3DDA0272FA}.Release|x64.ActiveCfg = Release|Any CPU
		{4A469D46-69BB-4F9C-A5B9-CA3DDA0272FA}.Release|x86.ActiveCfg = Release|Any CPU
		{4A469D46-69BB-4F9C-A5B9-CA3DDA0272FA}.teamcity|Any CPU.ActiveCfg = Release|Any CPU
		{4A469D46-69BB-4F9C-A5B9-CA3DDA0272FA}.teamcity|Any CPU.Build.0 = Release|Any CPU
		{4A469D46-69BB-4F9C-A5B9-CA3DDA0272FA}.teamcity|Mixed Platforms.ActiveCfg = Release|Any CPU
		{4A469D46-69BB-4F9C-A5B9-CA3DDA0272FA}.teamcity|Mixed Platforms.Build.0 = Release|Any CPU
		{4A469D46-69BB-4F9C-A5B9-CA3DDA0272FA}.teamcity|x64.ActiveCfg = Release|Any CPU
		{4A469D46-69BB-4F9C-A5B9-CA3DDA0272FA}.teamcity|x86.ActiveCfg = Release|Any CPU
		{014D3099-39B0-4DA7-8D6A-89558014CEFC}.Debug|Any CPU.ActiveCfg = Debug|Any CPU
		{014D3099-39B0-4DA7-8D6A-89558014CEFC}.Debug|Any CPU.Build.0 = Debug|Any CPU
		{014D3099-39B0-4DA7-8D6A-89558014CEFC}.Debug|Mixed Platforms.ActiveCfg = Debug|Any CPU
		{014D3099-39B0-4DA7-8D6A-89558014CEFC}.Debug|Mixed Platforms.Build.0 = Debug|Any CPU
		{014D3099-39B0-4DA7-8D6A-89558014CEFC}.Debug|x64.ActiveCfg = Debug|Any CPU
		{014D3099-39B0-4DA7-8D6A-89558014CEFC}.Debug|x86.ActiveCfg = Debug|Any CPU
		{014D3099-39B0-4DA7-8D6A-89558014CEFC}.Release|Any CPU.ActiveCfg = Release|Any CPU
		{014D3099-39B0-4DA7-8D6A-89558014CEFC}.Release|Any CPU.Build.0 = Release|Any CPU
		{014D3099-39B0-4DA7-8D6A-89558014CEFC}.Release|Mixed Platforms.ActiveCfg = Release|Any CPU
		{014D3099-39B0-4DA7-8D6A-89558014CEFC}.Release|Mixed Platforms.Build.0 = Release|Any CPU
		{014D3099-39B0-4DA7-8D6A-89558014CEFC}.Release|x64.ActiveCfg = Release|Any CPU
		{014D3099-39B0-4DA7-8D6A-89558014CEFC}.Release|x86.ActiveCfg = Release|Any CPU
		{014D3099-39B0-4DA7-8D6A-89558014CEFC}.teamcity|Any CPU.ActiveCfg = Release|Any CPU
		{014D3099-39B0-4DA7-8D6A-89558014CEFC}.teamcity|Any CPU.Build.0 = Release|Any CPU
		{014D3099-39B0-4DA7-8D6A-89558014CEFC}.teamcity|Mixed Platforms.ActiveCfg = Release|Any CPU
		{014D3099-39B0-4DA7-8D6A-89558014CEFC}.teamcity|Mixed Platforms.Build.0 = Release|Any CPU
		{014D3099-39B0-4DA7-8D6A-89558014CEFC}.teamcity|x64.ActiveCfg = Release|Any CPU
		{014D3099-39B0-4DA7-8D6A-89558014CEFC}.teamcity|x86.ActiveCfg = Release|Any CPU
		{C8B4A574-3E08-4523-8AA1-3F0E4BAC362B}.Debug|Any CPU.ActiveCfg = Debug|Any CPU
		{C8B4A574-3E08-4523-8AA1-3F0E4BAC362B}.Debug|Any CPU.Build.0 = Debug|Any CPU
		{C8B4A574-3E08-4523-8AA1-3F0E4BAC362B}.Debug|Mixed Platforms.ActiveCfg = Debug|Any CPU
		{C8B4A574-3E08-4523-8AA1-3F0E4BAC362B}.Debug|Mixed Platforms.Build.0 = Debug|Any CPU
		{C8B4A574-3E08-4523-8AA1-3F0E4BAC362B}.Debug|x64.ActiveCfg = Debug|Any CPU
		{C8B4A574-3E08-4523-8AA1-3F0E4BAC362B}.Debug|x64.Build.0 = Debug|Any CPU
		{C8B4A574-3E08-4523-8AA1-3F0E4BAC362B}.Debug|x86.ActiveCfg = Debug|Any CPU
		{C8B4A574-3E08-4523-8AA1-3F0E4BAC362B}.Release|Any CPU.ActiveCfg = Release|Any CPU
		{C8B4A574-3E08-4523-8AA1-3F0E4BAC362B}.Release|Any CPU.Build.0 = Release|Any CPU
		{C8B4A574-3E08-4523-8AA1-3F0E4BAC362B}.Release|Mixed Platforms.ActiveCfg = Release|Any CPU
		{C8B4A574-3E08-4523-8AA1-3F0E4BAC362B}.Release|Mixed Platforms.Build.0 = Release|Any CPU
		{C8B4A574-3E08-4523-8AA1-3F0E4BAC362B}.Release|x64.ActiveCfg = Release|Any CPU
		{C8B4A574-3E08-4523-8AA1-3F0E4BAC362B}.Release|x86.ActiveCfg = Release|Any CPU
		{C8B4A574-3E08-4523-8AA1-3F0E4BAC362B}.teamcity|Any CPU.ActiveCfg = Release|Any CPU
		{C8B4A574-3E08-4523-8AA1-3F0E4BAC362B}.teamcity|Any CPU.Build.0 = Release|Any CPU
		{C8B4A574-3E08-4523-8AA1-3F0E4BAC362B}.teamcity|Mixed Platforms.ActiveCfg = Release|Any CPU
		{C8B4A574-3E08-4523-8AA1-3F0E4BAC362B}.teamcity|Mixed Platforms.Build.0 = Release|Any CPU
		{C8B4A574-3E08-4523-8AA1-3F0E4BAC362B}.teamcity|x64.ActiveCfg = Release|Any CPU
		{C8B4A574-3E08-4523-8AA1-3F0E4BAC362B}.teamcity|x86.ActiveCfg = Release|Any CPU
		{453E631A-34AF-4652-A2A0-C1151B62DD1E}.Debug|Any CPU.ActiveCfg = Debug|Any CPU
		{453E631A-34AF-4652-A2A0-C1151B62DD1E}.Debug|Any CPU.Build.0 = Debug|Any CPU
		{453E631A-34AF-4652-A2A0-C1151B62DD1E}.Debug|Mixed Platforms.ActiveCfg = Debug|Any CPU
		{453E631A-34AF-4652-A2A0-C1151B62DD1E}.Debug|Mixed Platforms.Build.0 = Debug|Any CPU
		{453E631A-34AF-4652-A2A0-C1151B62DD1E}.Debug|x64.ActiveCfg = Debug|x64
		{453E631A-34AF-4652-A2A0-C1151B62DD1E}.Debug|x86.ActiveCfg = Debug|Any CPU
		{453E631A-34AF-4652-A2A0-C1151B62DD1E}.Release|Any CPU.ActiveCfg = Release|Any CPU
		{453E631A-34AF-4652-A2A0-C1151B62DD1E}.Release|Any CPU.Build.0 = Release|Any CPU
		{453E631A-34AF-4652-A2A0-C1151B62DD1E}.Release|Mixed Platforms.ActiveCfg = Release|Any CPU
		{453E631A-34AF-4652-A2A0-C1151B62DD1E}.Release|Mixed Platforms.Build.0 = Release|Any CPU
		{453E631A-34AF-4652-A2A0-C1151B62DD1E}.Release|x64.ActiveCfg = Release|Any CPU
		{453E631A-34AF-4652-A2A0-C1151B62DD1E}.Release|x86.ActiveCfg = Release|Any CPU
		{453E631A-34AF-4652-A2A0-C1151B62DD1E}.teamcity|Any CPU.ActiveCfg = Release|Any CPU
		{453E631A-34AF-4652-A2A0-C1151B62DD1E}.teamcity|Any CPU.Build.0 = Release|Any CPU
		{453E631A-34AF-4652-A2A0-C1151B62DD1E}.teamcity|Mixed Platforms.ActiveCfg = Release|Any CPU
		{453E631A-34AF-4652-A2A0-C1151B62DD1E}.teamcity|Mixed Platforms.Build.0 = Release|Any CPU
		{453E631A-34AF-4652-A2A0-C1151B62DD1E}.teamcity|x64.ActiveCfg = Release|Any CPU
		{453E631A-34AF-4652-A2A0-C1151B62DD1E}.teamcity|x86.ActiveCfg = Release|Any CPU
		{6CA87550-15CD-4433-92FB-C4509186EC80}.Debug|Any CPU.ActiveCfg = Debug|Any CPU
		{6CA87550-15CD-4433-92FB-C4509186EC80}.Debug|Any CPU.Build.0 = Debug|Any CPU
		{6CA87550-15CD-4433-92FB-C4509186EC80}.Debug|Mixed Platforms.ActiveCfg = Debug|Any CPU
		{6CA87550-15CD-4433-92FB-C4509186EC80}.Debug|Mixed Platforms.Build.0 = Debug|Any CPU
		{6CA87550-15CD-4433-92FB-C4509186EC80}.Debug|x64.ActiveCfg = Debug|Any CPU
		{6CA87550-15CD-4433-92FB-C4509186EC80}.Debug|x86.ActiveCfg = Debug|Any CPU
		{6CA87550-15CD-4433-92FB-C4509186EC80}.Release|Any CPU.ActiveCfg = Release|Any CPU
		{6CA87550-15CD-4433-92FB-C4509186EC80}.Release|Any CPU.Build.0 = Release|Any CPU
		{6CA87550-15CD-4433-92FB-C4509186EC80}.Release|Mixed Platforms.ActiveCfg = Release|Any CPU
		{6CA87550-15CD-4433-92FB-C4509186EC80}.Release|Mixed Platforms.Build.0 = Release|Any CPU
		{6CA87550-15CD-4433-92FB-C4509186EC80}.Release|x64.ActiveCfg = Release|Any CPU
		{6CA87550-15CD-4433-92FB-C4509186EC80}.Release|x86.ActiveCfg = Release|Any CPU
		{6CA87550-15CD-4433-92FB-C4509186EC80}.teamcity|Any CPU.ActiveCfg = Release|Any CPU
		{6CA87550-15CD-4433-92FB-C4509186EC80}.teamcity|Any CPU.Build.0 = Release|Any CPU
		{6CA87550-15CD-4433-92FB-C4509186EC80}.teamcity|Mixed Platforms.ActiveCfg = Release|Any CPU
		{6CA87550-15CD-4433-92FB-C4509186EC80}.teamcity|Mixed Platforms.Build.0 = Release|Any CPU
		{6CA87550-15CD-4433-92FB-C4509186EC80}.teamcity|x64.ActiveCfg = Release|Any CPU
		{6CA87550-15CD-4433-92FB-C4509186EC80}.teamcity|x86.ActiveCfg = Release|Any CPU
		{46E745CF-7B14-4376-A2D4-D5C021D503A2}.Debug|Any CPU.ActiveCfg = Debug|Any CPU
		{46E745CF-7B14-4376-A2D4-D5C021D503A2}.Debug|Any CPU.Build.0 = Debug|Any CPU
		{46E745CF-7B14-4376-A2D4-D5C021D503A2}.Debug|Mixed Platforms.ActiveCfg = Debug|Any CPU
		{46E745CF-7B14-4376-A2D4-D5C021D503A2}.Debug|Mixed Platforms.Build.0 = Debug|Any CPU
		{46E745CF-7B14-4376-A2D4-D5C021D503A2}.Debug|x64.ActiveCfg = Debug|Any CPU
		{46E745CF-7B14-4376-A2D4-D5C021D503A2}.Debug|x64.Deploy.0 = Debug|Any CPU
		{46E745CF-7B14-4376-A2D4-D5C021D503A2}.Debug|x86.ActiveCfg = Debug|Any CPU
		{46E745CF-7B14-4376-A2D4-D5C021D503A2}.Release|Any CPU.ActiveCfg = Release|Any CPU
		{46E745CF-7B14-4376-A2D4-D5C021D503A2}.Release|Any CPU.Build.0 = Release|Any CPU
		{46E745CF-7B14-4376-A2D4-D5C021D503A2}.Release|Mixed Platforms.ActiveCfg = Release|Any CPU
		{46E745CF-7B14-4376-A2D4-D5C021D503A2}.Release|Mixed Platforms.Build.0 = Release|Any CPU
		{46E745CF-7B14-4376-A2D4-D5C021D503A2}.Release|x64.ActiveCfg = Release|Any CPU
		{46E745CF-7B14-4376-A2D4-D5C021D503A2}.Release|x86.ActiveCfg = Release|Any CPU
		{46E745CF-7B14-4376-A2D4-D5C021D503A2}.teamcity|Any CPU.ActiveCfg = Release|Any CPU
		{46E745CF-7B14-4376-A2D4-D5C021D503A2}.teamcity|Any CPU.Build.0 = Release|Any CPU
		{46E745CF-7B14-4376-A2D4-D5C021D503A2}.teamcity|Mixed Platforms.ActiveCfg = Release|Any CPU
		{46E745CF-7B14-4376-A2D4-D5C021D503A2}.teamcity|Mixed Platforms.Build.0 = Release|Any CPU
		{46E745CF-7B14-4376-A2D4-D5C021D503A2}.teamcity|x64.ActiveCfg = Release|Any CPU
		{46E745CF-7B14-4376-A2D4-D5C021D503A2}.teamcity|x86.ActiveCfg = Release|Any CPU
		{AF42B8F0-5FE2-4F02-B6BD-8777141562DD}.Debug|Any CPU.ActiveCfg = Debug|Any CPU
		{AF42B8F0-5FE2-4F02-B6BD-8777141562DD}.Debug|Any CPU.Build.0 = Debug|Any CPU
		{AF42B8F0-5FE2-4F02-B6BD-8777141562DD}.Debug|Mixed Platforms.ActiveCfg = Debug|x86
		{AF42B8F0-5FE2-4F02-B6BD-8777141562DD}.Debug|Mixed Platforms.Build.0 = Debug|x86
		{AF42B8F0-5FE2-4F02-B6BD-8777141562DD}.Debug|x64.ActiveCfg = Debug|x64
		{AF42B8F0-5FE2-4F02-B6BD-8777141562DD}.Debug|x64.Build.0 = Debug|x64
		{AF42B8F0-5FE2-4F02-B6BD-8777141562DD}.Debug|x86.ActiveCfg = Debug|x86
		{AF42B8F0-5FE2-4F02-B6BD-8777141562DD}.Debug|x86.Build.0 = Debug|x86
		{AF42B8F0-5FE2-4F02-B6BD-8777141562DD}.Release|Any CPU.ActiveCfg = Release|Any CPU
		{AF42B8F0-5FE2-4F02-B6BD-8777141562DD}.Release|Any CPU.Build.0 = Release|Any CPU
		{AF42B8F0-5FE2-4F02-B6BD-8777141562DD}.Release|Mixed Platforms.ActiveCfg = Release|x86
		{AF42B8F0-5FE2-4F02-B6BD-8777141562DD}.Release|Mixed Platforms.Build.0 = Release|x86
		{AF42B8F0-5FE2-4F02-B6BD-8777141562DD}.Release|x64.ActiveCfg = Release|Any CPU
		{AF42B8F0-5FE2-4F02-B6BD-8777141562DD}.Release|x86.ActiveCfg = Release|x86
		{AF42B8F0-5FE2-4F02-B6BD-8777141562DD}.Release|x86.Build.0 = Release|x86
		{AF42B8F0-5FE2-4F02-B6BD-8777141562DD}.teamcity|Any CPU.ActiveCfg = Release|Any CPU
		{AF42B8F0-5FE2-4F02-B6BD-8777141562DD}.teamcity|Any CPU.Build.0 = Release|Any CPU
		{AF42B8F0-5FE2-4F02-B6BD-8777141562DD}.teamcity|Mixed Platforms.ActiveCfg = Release|x86
		{AF42B8F0-5FE2-4F02-B6BD-8777141562DD}.teamcity|Mixed Platforms.Build.0 = Release|x86
		{AF42B8F0-5FE2-4F02-B6BD-8777141562DD}.teamcity|x64.ActiveCfg = Release|Any CPU
		{AF42B8F0-5FE2-4F02-B6BD-8777141562DD}.teamcity|x86.ActiveCfg = Release|x86
		{AF42B8F0-5FE2-4F02-B6BD-8777141562DD}.teamcity|x86.Build.0 = Release|x86
	EndGlobalSection
	GlobalSection(SolutionProperties) = preSolution
		HideSolutionNode = FALSE
	EndGlobalSection
	GlobalSection(NestedProjects) = preSolution
		{A09F7B96-1818-4962-9071-0BB317E5954A} = {73A4FA54-B2FB-4935-81AC-51C1B992DC5D}
		{16E13EE5-3A1F-451C-85E4-D558F0B8B4C0} = {A199799D-21DF-410E-9857-0A4F34D575F2}
		{4A469D46-69BB-4F9C-A5B9-CA3DDA0272FA} = {A199799D-21DF-410E-9857-0A4F34D575F2}
		{014D3099-39B0-4DA7-8D6A-89558014CEFC} = {A199799D-21DF-410E-9857-0A4F34D575F2}
		{453E631A-34AF-4652-A2A0-C1151B62DD1E} = {73A4FA54-B2FB-4935-81AC-51C1B992DC5D}
		{6CA87550-15CD-4433-92FB-C4509186EC80} = {73A4FA54-B2FB-4935-81AC-51C1B992DC5D}
		{46E745CF-7B14-4376-A2D4-D5C021D503A2} = {73A4FA54-B2FB-4935-81AC-51C1B992DC5D}
		{AF42B8F0-5FE2-4F02-B6BD-8777141562DD} = {14389287-BBE6-4936-A880-58559253DCDF}
	EndGlobalSection
EndGlobal
